
Microsoft Visual Studio Solution File, Format Version 12.00
# Visual Studio 15
VisualStudioVersion = 15.0.28307.1022
MinimumVisualStudioVersion = 10.0.40219.1
Project("{9A19103F-16F7-4668-BE54-9A1E7A4F7556}") = "blogcore", "blogcore\blogcore.csproj", "{1DD3F410-684A-4311-B647-917FD0439FD5}"
EndProject
Global
	GlobalSection(SolutionConfigurationPlatforms) = preSolution
		Debug|Any CPU = Debug|Any CPU
		Release|Any CPU = Release|Any CPU
	EndGlobalSection
	GlobalSection(ProjectConfigurationPlatforms) = postSolution
		{1DD3F410-684A-4311-B647-917FD0439FD5}.Debug|Any CPU.ActiveCfg = Debug|Any CPU
		{1DD3F410-684A-4311-B647-917FD0439FD5}.Debug|Any CPU.Build.0 = Debug|Any CPU
		{1DD3F410-684A-4311-B647-917FD0439FD5}.Release|Any CPU.ActiveCfg = Release|Any CPU
		{1DD3F410-684A-4311-B647-917FD0439FD5}.Release|Any CPU.Build.0 = Release|Any CPU
	EndGlobalSection
	GlobalSection(SolutionProperties) = preSolution
		HideSolutionNode = FALSE
	EndGlobalSection
	GlobalSection(ExtensibilityGlobals) = postSolution
		SolutionGuid = {B0156152-F530-4BF9-A03A-28938B07F733}
	EndGlobalSection
EndGlobal
